
Microsoft Visual Studio Solution File, Format Version 12.00
# Visual Studio Version 17
VisualStudioVersion = 17.8.34309.116
MinimumVisualStudioVersion = 10.0.40219.1
Project("{FAE04EC0-301F-11D3-BF4B-00C04F79EFBC}") = "SeasoningAndCandle.Backend.Api", "SeasoningAndCandle.Backend.Api\SeasoningAndCandle.Backend.Api.csproj", "{83C9F090-6BE4-426A-A649-6A69A56B0D56}"
EndProject
Project("{FAE04EC0-301F-11D3-BF4B-00C04F79EFBC}") = "SeasoningAndCandle.Backend.Application", "SeasoningAndCandle.Backend.Application\SeasoningAndCandle.Backend.Application.csproj", "{9D40E4F6-1915-428D-B5B2-419F296149E8}"
EndProject
Project("{FAE04EC0-301F-11D3-BF4B-00C04F79EFBC}") = "SeasoningAndCandle.Backend.Domain", "SeasoningAndCandle.Backend.Domain\SeasoningAndCandle.Backend.Domain.csproj", "{4EECC1FB-7319-4254-8148-74B000E5AD3A}"
EndProject
Project("{FAE04EC0-301F-11D3-BF4B-00C04F79EFBC}") = "SeasoningAndCandle.Backend.Infrastructure", "SeasoningAndCandle.Backend.Infrastructure\SeasoningAndCandle.Backend.Infrastructure.csproj", "{0CCCB8DF-A814-489E-ACD5-DE5B76B62B13}"
EndProject
Project("{FAE04EC0-301F-11D3-BF4B-00C04F79EFBC}") = "SeasoningAndCandle.Backend.Utilities", "SeasoningAndCandle.Backend.Utilities\SeasoningAndCandle.Backend.Utilities.csproj", "{3703AC78-CEE4-46CD-91DA-3FB57D0D4139}"
EndProject
Global
	GlobalSection(SolutionConfigurationPlatforms) = preSolution
		Debug|Any CPU = Debug|Any CPU
		Release|Any CPU = Release|Any CPU
	EndGlobalSection
	GlobalSection(ProjectConfigurationPlatforms) = postSolution
		{83C9F090-6BE4-426A-A649-6A69A56B0D56}.Debug|Any CPU.ActiveCfg = Debug|Any CPU
		{83C9F090-6BE4-426A-A649-6A69A56B0D56}.Debug|Any CPU.Build.0 = Debug|Any CPU
		{83C9F090-6BE4-426A-A649-6A69A56B0D56}.Release|Any CPU.ActiveCfg = Release|Any CPU
		{83C9F090-6BE4-426A-A649-6A69A56B0D56}.Release|Any CPU.Build.0 = Release|Any CPU
		{9D40E4F6-1915-428D-B5B2-419F296149E8}.Debug|Any CPU.ActiveCfg = Debug|Any CPU
		{9D40E4F6-1915-428D-B5B2-419F296149E8}.Debug|Any CPU.Build.0 = Debug|Any CPU
		{9D40E4F6-1915-428D-B5B2-419F296149E8}.Release|Any CPU.ActiveCfg = Release|Any CPU
		{9D40E4F6-1915-428D-B5B2-419F296149E8}.Release|Any CPU.Build.0 = Release|Any CPU
		{4EECC1FB-7319-4254-8148-74B000E5AD3A}.Debug|Any CPU.ActiveCfg = Debug|Any CPU
		{4EECC1FB-7319-4254-8148-74B000E5AD3A}.Debug|Any CPU.Build.0 = Debug|Any CPU
		{4EECC1FB-7319-4254-8148-74B000E5AD3A}.Release|Any CPU.ActiveCfg = Release|Any CPU
		{4EECC1FB-7319-4254-8148-74B000E5AD3A}.Release|Any CPU.Build.0 = Release|Any CPU
		{0CCCB8DF-A814-489E-ACD5-DE5B76B62B13}.Debug|Any CPU.ActiveCfg = Debug|Any CPU
		{0CCCB8DF-A814-489E-ACD5-DE5B76B62B13}.Debug|Any CPU.Build.0 = Debug|Any CPU
		{0CCCB8DF-A814-489E-ACD5-DE5B76B62B13}.Release|Any CPU.ActiveCfg = Release|Any CPU
		{0CCCB8DF-A814-489E-ACD5-DE5B76B62B13}.Release|Any CPU.Build.0 = Release|Any CPU
		{3703AC78-CEE4-46CD-91DA-3FB57D0D4139}.Debug|Any CPU.ActiveCfg = Debug|Any CPU
		{3703AC78-CEE4-46CD-91DA-3FB57D0D4139}.Debug|Any CPU.Build.0 = Debug|Any CPU
		{3703AC78-CEE4-46CD-91DA-3FB57D0D4139}.Release|Any CPU.ActiveCfg = Release|Any CPU
		{3703AC78-CEE4-46CD-91DA-3FB57D0D4139}.Release|Any CPU.Build.0 = Release|Any CPU
	EndGlobalSection
	GlobalSection(SolutionProperties) = preSolution
		HideSolutionNode = FALSE
	EndGlobalSection
	GlobalSection(ExtensibilityGlobals) = postSolution
		SolutionGuid = {40A803F4-88C8-4062-B369-74B5F5964945}
	EndGlobalSection
EndGlobal
